{
  "requires": true,
  "lockfileVersion": 1,
  "dependencies": {
    "nouislider": {
      "version": "13.1.1",
      "resolved": "https://registry.npmjs.org/nouislider/-/nouislider-13.1.1.tgz",
      "integrity": "sha512-PYXfMYYZA2F7QzMSEANocyIr8OgeMBrQBCre5wHsZiyha0DSrt9i5weEV2oWaJDYnG2qDKb6GwmKAkczqTzvAQ=="
    }
  }
}
